
Microsoft Visual Studio Solution File, Format Version 12.00
# Visual Studio Version 17
VisualStudioVersion = 17.1.32210.238
MinimumVisualStudioVersion = 10.0.40219.1
Project("{8BC9CEB8-8B4A-11D0-8D11-00A0C91BC942}") = "RegularExpressionDemo", "RegularExpressionDemo\RegularExpressionDemo.vcxproj", "{1F2A48B6-0A5C-421A-BF5C-B01FEA1B0782}"
EndProject
Global
	GlobalSection(SolutionConfigurationPlatforms) = preSolution
		Debug|x64 = Debug|x64
		Debug|x86 = Debug|x86
		Release|x64 = Release|x64
		Release|x86 = Release|x86
	EndGlobalSection
	GlobalSection(ProjectConfigurationPlatforms) = postSolution
		{1F2A48B6-0A5C-421A-BF5C-B01FEA1B0782}.Debug|x64.ActiveCfg = Debug|x64
		{1F2A48B6-0A5C-421A-BF5C-B01FEA1B0782}.Debug|x64.Build.0 = Debug|x64
		{1F2A48B6-0A5C-421A-BF5C-B01FEA1B0782}.Debug|x86.ActiveCfg = Debug|Win32
		{1F2A48B6-0A5C-421A-BF5C-B01FEA1B0782}.Debug|x86.Build.0 = Debug|Win32
		{1F2A48B6-0A5C-421A-BF5C-B01FEA1B0782}.Release|x64.ActiveCfg = Release|x64
		{1F2A48B6-0A5C-421A-BF5C-B01FEA1B0782}.Release|x64.Build.0 = Release|x64
		{1F2A48B6-0A5C-421A-BF5C-B01FEA1B0782}.Release|x86.ActiveCfg = Release|Win32
		{1F2A48B6-0A5C-421A-BF5C-B01FEA1B0782}.Release|x86.Build.0 = Release|Win32
	EndGlobalSection
	GlobalSection(SolutionProperties) = preSolution
		HideSolutionNode = FALSE
	EndGlobalSection
	GlobalSection(ExtensibilityGlobals) = postSolution
		SolutionGuid = {2D6DBB40-2956-4755-9D63-345796DD2D1A}
	EndGlobalSection
EndGlobal
